
Microsoft Visual Studio Solution File, Format Version 12.00
# Visual Studio Version 17
VisualStudioVersion = 17.0.31612.314
MinimumVisualStudioVersion = 10.0.40219.1
Project("{9A19103F-16F7-4668-BE54-9A1E7A4F7556}") = "TestPlugin", "TestPlugin\TestPlugin.csproj", "{9CF7AF1B-7EBF-4DBA-840D-8ECC9BFED659}"
EndProject
Project("{9A19103F-16F7-4668-BE54-9A1E7A4F7556}") = "ECommons", "..\ECommons\ECommons\ECommons.csproj", "{24EC5BFE-1691-461E-BDA9-C95FAD6132AD}"
EndProject
Global
	GlobalSection(SolutionConfigurationPlatforms) = preSolution
		Debug|Any CPU = Debug|Any CPU
		Debug|x64 = Debug|x64
		Release|Any CPU = Release|Any CPU
		Release|x64 = Release|x64
	EndGlobalSection
	GlobalSection(ProjectConfigurationPlatforms) = postSolution
		{9CF7AF1B-7EBF-4DBA-840D-8ECC9BFED659}.Debug|Any CPU.ActiveCfg = Debug|x64
		{9CF7AF1B-7EBF-4DBA-840D-8ECC9BFED659}.Debug|Any CPU.Build.0 = Debug|x64
		{9CF7AF1B-7EBF-4DBA-840D-8ECC9BFED659}.Debug|x64.ActiveCfg = Debug|x64
		{9CF7AF1B-7EBF-4DBA-840D-8ECC9BFED659}.Debug|x64.Build.0 = Debug|x64
		{9CF7AF1B-7EBF-4DBA-840D-8ECC9BFED659}.Release|Any CPU.ActiveCfg = Release|Any CPU
		{9CF7AF1B-7EBF-4DBA-840D-8ECC9BFED659}.Release|Any CPU.Build.0 = Release|Any CPU
		{9CF7AF1B-7EBF-4DBA-840D-8ECC9BFED659}.Release|x64.ActiveCfg = Release|x64
		{9CF7AF1B-7EBF-4DBA-840D-8ECC9BFED659}.Release|x64.Build.0 = Release|x64
		{24EC5BFE-1691-461E-BDA9-C95FAD6132AD}.Debug|Any CPU.ActiveCfg = Debug|x64
		{24EC5BFE-1691-461E-BDA9-C95FAD6132AD}.Debug|Any CPU.Build.0 = Debug|x64
		{24EC5BFE-1691-461E-BDA9-C95FAD6132AD}.Debug|x64.ActiveCfg = Debug|x64
		{24EC5BFE-1691-461E-BDA9-C95FAD6132AD}.Debug|x64.Build.0 = Debug|x64
		{24EC5BFE-1691-461E-BDA9-C95FAD6132AD}.Release|Any CPU.ActiveCfg = Release|x64
		{24EC5BFE-1691-461E-BDA9-C95FAD6132AD}.Release|Any CPU.Build.0 = Release|x64
		{24EC5BFE-1691-461E-BDA9-C95FAD6132AD}.Release|x64.ActiveCfg = Release|x64
		{24EC5BFE-1691-461E-BDA9-C95FAD6132AD}.Release|x64.Build.0 = Release|x64
	EndGlobalSection
	GlobalSection(SolutionProperties) = preSolution
		HideSolutionNode = FALSE
	EndGlobalSection
	GlobalSection(ExtensibilityGlobals) = postSolution
		SolutionGuid = {A4A395AB-0925-4D75-A175-2DF442674A18}
	EndGlobalSection
EndGlobal
